<?xml version="1.0" encoding="utf-8"?>
<Project ToolsVersion="4.0" xmlns="http://schemas.microsoft.com/developer/msbuild/2003">
  <ItemGroup>
    <Filter Include="Source Files">
      <UniqueIdentifier>{4FC737F1-C7A5-4376-A066-2A32D752A2FF}</UniqueIdentifier>
      <Extensions>cpp;c;cc;cxx;def;odl;idl;hpj;bat;asm;asmx</Extensions>
    </Filter>
    <Filter Include="Header Files">
      <UniqueIdentifier>{93995380-89BD-4b04-88EB-625FBE52EBFB}</UniqueIdentifier>
      <Extensions>h;hh;hpp;hxx;hm;inl;inc;xsd</Extensions>
    </Filter>
    <Filter Include="Resource Files">
      <UniqueIdentifier>{67DA6AB6-F800-4c08-8B7A-83BB121AAD01}</UniqueIdentifier>
      <Extensions>rc;ico;cur;bmp;dlg;rc2;rct;bin;rgs;gif;jpg;jpeg;jpe;resx;tiff;tif;png;wav;mfcribbon-ms</Extensions>
    </Filter>
    <Filter Include="Header Files\Database">
      <UniqueIdentifier>{12247b3e-01ec-4ebf-92a0-f0640beb75b6}</UniqueIdentifier>
    </Filter>
    <Filter Include="Source Files\Database">
      <UniqueIdentifier>{1b8672f4-4e85-471f-8ecc-ca10396f29e5}</UniqueIdentifier>
    </Filter>
    <Filter Include="Header Files\Document">
      <UniqueIdentifier>{0a687b49-f74d-4b1c-bdc1-d60a8c45b0dc}</UniqueIdentifier>
    </Filter>
    <Filter Include="Source Files\Document">
      <UniqueIdentifier>{d8b216d4-3ae9-4622-a4a3-b70f7b4171bf}</UniqueIdentifier>
    </Filter>
    <Filter Include="Header Files\Engine">
      <UniqueIdentifier>{fa927618-5718-4b28-bc81-c15265c1f3c8}</UniqueIdentifier>
    </Filter>
    <Filter Include="Source Files\Engine">
      <UniqueIdentifier>{54d0442d-0daf-4d56-bdb0-ab57ce7ff488}</UniqueIdentifier>
    </Filter>
    <Filter Include="Header Files\Mapper">
      <UniqueIdentifier>{76052b93-fb79-497c-b36e-ec785c428d3e}</UniqueIdentifier>
    </Filter>
    <Filter Include="Source Files\Mapper">
      <UniqueIdentifier>{2b5a9a12-e3d9-4992-af2b-a981a541cb47}</UniqueIdentifier>
    </Filter>
    <Filter Include="Header Files\Repository">
      <UniqueIdentifier>{c85607d6-9505-45fc-abc1-5b96686dc966}</UniqueIdentifier>
    </Filter>
    <Filter Include="Source Files\Repository">
      <UniqueIdentifier>{2e04bb82-89d6-428e-9828-d839903af096}</UniqueIdentifier>
    </Filter>
    <Filter Include="Header Files\Storage">
      <UniqueIdentifier>{d67cee1e-aaba-4775-9a02-66cf205a079e}</UniqueIdentifier>
    </Filter>
    <Filter Include="Source Files\Storage">
      <UniqueIdentifier>{c0c9ccdf-1d27-4e15-9065-e6b4e73d9da8}</UniqueIdentifier>
    </Filter>
    <Filter Include="Header Files\Upgrade">
      <UniqueIdentifier>{0e5b920c-10bf-48d7-833d-c1ba42fd6834}</UniqueIdentifier>
    </Filter>
    <Filter Include="Source Files\Upgrade">
      <UniqueIdentifier>{211880bc-9b88-46e1-876e-a1c726d04f89}</UniqueIdentifier>
    </Filter>
    <Filter Include="Header Files\Utils">
      <UniqueIdentifier>{19b73896-d1fe-4f8d-848a-99f9b53d3d3c}</UniqueIdentifier>
    </Filter>
    <Filter Include="Source Files\Utils">
      <UniqueIdentifier>{aa1b0d71-8c42-4521-b889-8f71c3cd1b97}</UniqueIdentifier>
    </Filter>
    <Filter Include="Header Files\Database\Collections">
      <UniqueIdentifier>{fa6671f3-5259-4f4f-ba8c-2de6a30e50c5}</UniqueIdentifier>
    </Filter>
    <Filter Include="Source Files\Database\Collections">
      <UniqueIdentifier>{8349c616-64e8-4eed-ba63-5da8359861bc}</UniqueIdentifier>
    </Filter>
    <Filter Include="Header Files\Document\Bson">
      <UniqueIdentifier>{e4ff5f72-bf8d-4b48-a9ca-bced7e9107aa}</UniqueIdentifier>
    </Filter>
    <Filter Include="Source Files\Document\Bson">
      <UniqueIdentifier>{51433258-d111-4b82-b39f-0299a223d210}</UniqueIdentifier>
    </Filter>
    <Filter Include="Header Files\Document\Json">
      <UniqueIdentifier>{226e36ed-dd53-4265-930a-d932dd01ab43}</UniqueIdentifier>
    </Filter>
    <Filter Include="Source Files\Document\Json">
      <UniqueIdentifier>{5af10fd6-80fe-41dc-a038-faf4d2f99fa2}</UniqueIdentifier>
    </Filter>
    <Filter Include="Header Files\Engine\Disks">
      <UniqueIdentifier>{36314268-261c-4fe7-84da-79b5b091525c}</UniqueIdentifier>
    </Filter>
    <Filter Include="Source Files\Engine\Disks">
      <UniqueIdentifier>{0dbfc49a-1d3a-4be5-9872-2f80a37aea32}</UniqueIdentifier>
    </Filter>
    <Filter Include="Header Files\Engine\Engine">
      <UniqueIdentifier>{7d6a12b7-6760-4f49-81ff-4d6493226bb0}</UniqueIdentifier>
    </Filter>
    <Filter Include="Source Files\Engine\Engine">
      <UniqueIdentifier>{d3c5b935-0714-460b-b884-4db2b0d63e90}</UniqueIdentifier>
    </Filter>
    <Filter Include="Source Files\Engine\Pages">
      <UniqueIdentifier>{6f777d9c-fceb-4b3e-ab98-a312afbee715}</UniqueIdentifier>
    </Filter>
    <Filter Include="Header Files\Engine\Pages">
      <UniqueIdentifier>{e85f7234-873d-4f4b-b282-1d52dead56d0}</UniqueIdentifier>
    </Filter>
    <Filter Include="Header Files\Engine\Query">
      <UniqueIdentifier>{b4a0be85-8848-4213-b04f-7f010c754870}</UniqueIdentifier>
    </Filter>
    <Filter Include="Source Files\Engine\Query">
      <UniqueIdentifier>{ed07e220-1b53-4b7b-9277-f5054836037d}</UniqueIdentifier>
    </Filter>
    <Filter Include="Source Files\Engine\Services">
      <UniqueIdentifier>{12f45493-663d-4344-8aee-1059ec89f94e}</UniqueIdentifier>
    </Filter>
    <Filter Include="Header Files\Engine\Services">
      <UniqueIdentifier>{99f256df-d62c-477b-b520-4bf973f71508}</UniqueIdentifier>
    </Filter>
    <Filter Include="Source Files\Engine\Structures">
      <UniqueIdentifier>{addb950a-2228-4db8-a9ff-29375d6c5223}</UniqueIdentifier>
    </Filter>
    <Filter Include="Header Files\Engine\Structures">
      <UniqueIdentifier>{1f92dd15-4886-441f-9662-a78bb2d7b466}</UniqueIdentifier>
    </Filter>
    <Filter Include="Header Files\Mapper\Attributes">
      <UniqueIdentifier>{6213f6cc-8c4f-4f5a-8d2a-3b441eeccf8b}</UniqueIdentifier>
    </Filter>
    <Filter Include="Source Files\Mapper\Attributes">
      <UniqueIdentifier>{8c4e04ed-e1e8-4667-a739-013a499bd7df}</UniqueIdentifier>
    </Filter>
    <Filter Include="Header Files\Mapper\Linq">
      <UniqueIdentifier>{45cae83a-7aae-46d0-8939-45e0d9fa6b20}</UniqueIdentifier>
    </Filter>
    <Filter Include="Source Files\Mapper\Linq">
      <UniqueIdentifier>{bdebcd00-8035-4c4d-ba41-d4248481cfa8}</UniqueIdentifier>
    </Filter>
    <Filter Include="Header Files\Mapper\Reflection">
      <UniqueIdentifier>{34f5f8fc-dea4-4f40-a8f0-96cb1a2e8f06}</UniqueIdentifier>
    </Filter>
    <Filter Include="Source Files\Mapper\Reflection">
      <UniqueIdentifier>{341bed82-4d26-4f91-975b-bee869b6ed38}</UniqueIdentifier>
    </Filter>
    <Filter Include="Header Files\Utils\Extensions">
      <UniqueIdentifier>{ac05a043-8367-401f-8cef-dd4a4ff6f0bd}</UniqueIdentifier>
    </Filter>
    <Filter Include="Source Files\Utils\Extensions">
      <UniqueIdentifier>{561b61c0-ee98-454e-b0fb-02fedb58e24a}</UniqueIdentifier>
    </Filter>
  </ItemGroup>
  <ItemGroup>
    <Text Include="ReadMe.txt" />
  </ItemGroup>
  <ItemGroup>
    <ClInclude Include="stdafx.h">
      <Filter>Header Files</Filter>
    </ClInclude>
    <ClInclude Include="targetver.h">
      <Filter>Header Files</Filter>
    </ClInclude>
    <ClInclude Include="LiteCppDB.h">
      <Filter>Header Files</Filter>
    </ClInclude>
    <ClInclude Include="LiteDatabase.h">
      <Filter>Header Files\Database</Filter>
    </ClInclude>
    <ClInclude Include="BsonReader.h">
      <Filter>Header Files\Document\Bson</Filter>
    </ClInclude>
    <ClInclude Include="BsonSerializer.h">
      <Filter>Header Files\Document\Bson</Filter>
    </ClInclude>
    <ClInclude Include="BsonWriter.h">
      <Filter>Header Files\Document\Bson</Filter>
    </ClInclude>
    <ClInclude Include="JsonReader.h">
      <Filter>Header Files\Document\Json</Filter>
    </ClInclude>
    <ClInclude Include="JsonSerializer.h">
      <Filter>Header Files\Document\Json</Filter>
    </ClInclude>
    <ClInclude Include="JsonTokenizer.h">
      <Filter>Header Files\Document\Json</Filter>
    </ClInclude>
    <ClInclude Include="JsonWriter.h">
      <Filter>Header Files\Document\Json</Filter>
    </ClInclude>
    <ClInclude Include="BsonArray.h">
      <Filter>Header Files\Document</Filter>
    </ClInclude>
    <ClInclude Include="BsonDocument.h">
      <Filter>Header Files\Document</Filter>
    </ClInclude>
    <ClInclude Include="BsonType.h">
      <Filter>Header Files\Document</Filter>
    </ClInclude>
    <ClInclude Include="BsonValue.h">
      <Filter>Header Files\Document</Filter>
    </ClInclude>
    <ClInclude Include="ObjectId.h">
      <Filter>Header Files\Document</Filter>
    </ClInclude>
    <ClInclude Include="LiteEngine.h">
      <Filter>Header Files\Engine</Filter>
    </ClInclude>
    <ClInclude Include="BasePage.h">
      <Filter>Header Files\Engine\Pages</Filter>
    </ClInclude>
    <ClInclude Include="CollectionPage.h">
      <Filter>Header Files\Engine\Pages</Filter>
    </ClInclude>
    <ClInclude Include="DataPage.h">
      <Filter>Header Files\Engine\Pages</Filter>
    </ClInclude>
    <ClInclude Include="EmptyPage.h">
      <Filter>Header Files\Engine\Pages</Filter>
    </ClInclude>
    <ClInclude Include="ExtendPage.h">
      <Filter>Header Files\Engine\Pages</Filter>
    </ClInclude>
    <ClInclude Include="HeaderPage.h">
      <Filter>Header Files\Engine\Pages</Filter>
    </ClInclude>
    <ClInclude Include="IndexPage.h">
      <Filter>Header Files\Engine\Pages</Filter>
    </ClInclude>
    <ClInclude Include="CollectionIndex.h">
      <Filter>Header Files\Engine\Structures</Filter>
    </ClInclude>
    <ClInclude Include="DataBlock.h">
      <Filter>Header Files\Engine\Structures</Filter>
    </ClInclude>
    <ClInclude Include="IndexNode.h">
      <Filter>Header Files\Engine\Structures</Filter>
    </ClInclude>
    <ClInclude Include="PageAddress.h">
      <Filter>Header Files\Engine\Structures</Filter>
    </ClInclude>
    <ClInclude Include="BsonMapper.h">
      <Filter>Header Files\Mapper</Filter>
    </ClInclude>
    <ClInclude Include="MemberMapper.h">
      <Filter>Header Files\Mapper</Filter>
    </ClInclude>
    <ClInclude Include="Reflection.h">
      <Filter>Header Files\Mapper\Reflection</Filter>
    </ClInclude>
    <ClInclude Include="StringExtensions.h">
      <Filter>Header Files\Utils\Extensions</Filter>
    </ClInclude>
    <ClInclude Include="ByteReader.h">
      <Filter>Header Files\Utils</Filter>
    </ClInclude>
    <ClInclude Include="ByteWriter.h">
      <Filter>Header Files\Utils</Filter>
    </ClInclude>
    <ClInclude Include="ConnectionString.h">
      <Filter>Header Files\Utils</Filter>
    </ClInclude>
    <ClInclude Include="StringScanner.h">
      <Filter>Header Files\Utils</Filter>
    </ClInclude>
    <ClInclude Include="Aggregate.h">
      <Filter>Header Files\Database\Collections</Filter>
    </ClInclude>
    <ClInclude Include="Delete.h">
      <Filter>Header Files\Database\Collections</Filter>
    </ClInclude>
    <ClInclude Include="Find.h">
      <Filter>Header Files\Database\Collections</Filter>
    </ClInclude>
    <ClInclude Include="Include.h">
      <Filter>Header Files\Database\Collections</Filter>
    </ClInclude>
    <ClInclude Include="Index.h">
      <Filter>Header Files\Database\Collections</Filter>
    </ClInclude>
    <ClInclude Include="Insert.h">
      <Filter>Header Files\Database\Collections</Filter>
    </ClInclude>
    <ClInclude Include="LiteCollection.h">
      <Filter>Header Files\Database\Collections</Filter>
    </ClInclude>
    <ClInclude Include="Update.h">
      <Filter>Header Files\Database\Collections</Filter>
    </ClInclude>
    <ClInclude Include="Upsert.h">
      <Filter>Header Files\Database\Collections</Filter>
    </ClInclude>
    <ClInclude Include="FileDiskService.h">
      <Filter>Header Files\Engine\Disks</Filter>
    </ClInclude>
    <ClInclude Include="IDiskService.h">
      <Filter>Header Files\Engine\Disks</Filter>
    </ClInclude>
    <ClInclude Include="StreamDiskService.h">
      <Filter>Header Files\Engine\Disks</Filter>
    </ClInclude>
    <ClInclude Include="CollectionEngine.h">
      <Filter>Header Files\Engine\Engine</Filter>
    </ClInclude>
    <ClInclude Include="FindEngine.h">
      <Filter>Header Files\Engine\Engine</Filter>
    </ClInclude>
    <ClInclude Include="IndexEngine.h">
      <Filter>Header Files\Engine\Engine</Filter>
    </ClInclude>
    <ClInclude Include="InsertEngine.h">
      <Filter>Header Files\Engine\Engine</Filter>
    </ClInclude>
    <ClInclude Include="ShrinkEngine.h">
      <Filter>Header Files\Engine\Engine</Filter>
    </ClInclude>
    <ClInclude Include="TransactionEngine.h">
      <Filter>Header Files\Engine\Engine</Filter>
    </ClInclude>
    <ClInclude Include="UpdateEngine.h">
      <Filter>Header Files\Engine\Engine</Filter>
    </ClInclude>
    <ClInclude Include="UpsertEngine.h">
      <Filter>Header Files\Engine\Engine</Filter>
    </ClInclude>
    <ClInclude Include="UserVersionEngine.h">
      <Filter>Header Files\Engine\Engine</Filter>
    </ClInclude>
    <ClInclude Include="Query.h">
      <Filter>Header Files\Engine\Query</Filter>
    </ClInclude>
    <ClInclude Include="QueryAll.h">
      <Filter>Header Files\Engine\Query</Filter>
    </ClInclude>
    <ClInclude Include="IndexInfo.h">
      <Filter>Header Files\Engine\Structures</Filter>
    </ClInclude>
    <ClInclude Include="QueryAnd.h">
      <Filter>Header Files\Engine\Query</Filter>
    </ClInclude>
    <ClInclude Include="QueryBetween.h">
      <Filter>Header Files\Engine\Query</Filter>
    </ClInclude>
    <ClInclude Include="QueryContains.h">
      <Filter>Header Files\Engine\Query</Filter>
    </ClInclude>
    <ClInclude Include="QueryEmpty.h">
      <Filter>Header Files\Engine\Query</Filter>
    </ClInclude>
    <ClInclude Include="QueryEquals.h">
      <Filter>Header Files\Engine\Query</Filter>
    </ClInclude>
    <ClInclude Include="QueryGreater.h">
      <Filter>Header Files\Engine\Query</Filter>
    </ClInclude>
    <ClInclude Include="QueryIn.h">
      <Filter>Header Files\Engine\Query</Filter>
    </ClInclude>
    <ClInclude Include="QueryLess.h">
      <Filter>Header Files\Engine\Query</Filter>
    </ClInclude>
    <ClInclude Include="QueryNot.h">
      <Filter>Header Files\Engine\Query</Filter>
    </ClInclude>
    <ClInclude Include="QueryNotEquals.h">
      <Filter>Header Files\Engine\Query</Filter>
    </ClInclude>
    <ClInclude Include="QueryOr.h">
      <Filter>Header Files\Engine\Query</Filter>
    </ClInclude>
    <ClInclude Include="QueryStartsWith.h">
      <Filter>Header Files\Engine\Query</Filter>
    </ClInclude>
    <ClInclude Include="QueryWhere.h">
      <Filter>Header Files\Engine\Query</Filter>
    </ClInclude>
    <ClInclude Include="CacheService.h">
      <Filter>Header Files\Engine\Services</Filter>
    </ClInclude>
    <ClInclude Include="CollectionService.h">
      <Filter>Header Files\Engine\Services</Filter>
    </ClInclude>
    <ClInclude Include="DataService.h">
      <Filter>Header Files\Engine\Services</Filter>
    </ClInclude>
    <ClInclude Include="IndexService.h">
      <Filter>Header Files\Engine\Services</Filter>
    </ClInclude>
    <ClInclude Include="LockService.h">
      <Filter>Header Files\Engine\Services</Filter>
    </ClInclude>
    <ClInclude Include="PageService.h">
      <Filter>Header Files\Engine\Services</Filter>
    </ClInclude>
    <ClInclude Include="TransactionService.h">
      <Filter>Header Files\Engine\Services</Filter>
    </ClInclude>
    <ClInclude Include="BsonFieldAttribute.h">
      <Filter>Header Files\Mapper\Attributes</Filter>
    </ClInclude>
    <ClInclude Include="BsonIdAttribute.h">
      <Filter>Header Files\Mapper\Attributes</Filter>
    </ClInclude>
    <ClInclude Include="BsonIgnoreAttribute.h">
      <Filter>Header Files\Mapper\Attributes</Filter>
    </ClInclude>
    <ClInclude Include="BsonIndexAttribute.h">
      <Filter>Header Files\Mapper\Attributes</Filter>
    </ClInclude>
    <ClInclude Include="BsonRefAttribute.h">
      <Filter>Header Files\Mapper\Attributes</Filter>
    </ClInclude>
    <ClInclude Include="QueryVisitor.h">
      <Filter>Header Files\Mapper\Linq</Filter>
    </ClInclude>
    <ClInclude Include="Reflection.Expression.h">
      <Filter>Header Files\Mapper\Reflection</Filter>
    </ClInclude>
    <ClInclude Include="AutoId.h">
      <Filter>Header Files\Mapper</Filter>
    </ClInclude>
    <ClInclude Include="EntityMapper.h">
      <Filter>Header Files\Mapper</Filter>
    </ClInclude>
    <ClInclude Include="EntityBuilder.h">
      <Filter>Header Files\Mapper</Filter>
    </ClInclude>
    <ClInclude Include="BsonMapper.Serialize.h">
      <Filter>Header Files\Mapper</Filter>
    </ClInclude>
    <ClInclude Include="BsonMapper.Deserialize.h">
      <Filter>Header Files\Mapper</Filter>
    </ClInclude>
    <ClInclude Include="LiteQueryable.h">
      <Filter>Header Files\Repository</Filter>
    </ClInclude>
    <ClInclude Include="LiteRepository.h">
      <Filter>Header Files\Repository</Filter>
    </ClInclude>
    <ClInclude Include="LiteFileInfo.h">
      <Filter>Header Files\Storage</Filter>
    </ClInclude>
    <ClInclude Include="LiteFileStream.h">
      <Filter>Header Files\Storage</Filter>
    </ClInclude>
    <ClInclude Include="LiteFileStream.Read.h">
      <Filter>Header Files\Storage</Filter>
    </ClInclude>
    <ClInclude Include="LiteFileStream.Write.h">
      <Filter>Header Files\Storage</Filter>
    </ClInclude>
    <ClInclude Include="LiteStorage.h">
      <Filter>Header Files\Storage</Filter>
    </ClInclude>
    <ClInclude Include="IDbReader.h">
      <Filter>Header Files\Upgrade</Filter>
    </ClInclude>
    <ClInclude Include="Upgrade.h">
      <Filter>Header Files\Upgrade</Filter>
    </ClInclude>
    <ClInclude Include="BinaryExtensions.h">
      <Filter>Header Files\Utils\Extensions</Filter>
    </ClInclude>
    <ClInclude Include="ByteArrayExtensions.h">
      <Filter>Header Files\Utils\Extensions</Filter>
    </ClInclude>
    <ClInclude Include="DictionaryExtensions.h">
      <Filter>Header Files\Utils\Extensions</Filter>
    </ClInclude>
    <ClInclude Include="ExpressionExtensions.h">
      <Filter>Header Files\Utils\Extensions</Filter>
    </ClInclude>
    <ClInclude Include="IOExceptionExtensions.h">
      <Filter>Header Files\Utils\Extensions</Filter>
    </ClInclude>
    <ClInclude Include="LinqExtensions.h">
      <Filter>Header Files\Utils\Extensions</Filter>
    </ClInclude>
    <ClInclude Include="StreamExtensions.h">
      <Filter>Header Files\Utils\Extensions</Filter>
    </ClInclude>
    <ClInclude Include="TypeExtensions.h">
      <Filter>Header Files\Utils\Extensions</Filter>
    </ClInclude>
    <ClInclude Include="AesEncryption.h">
      <Filter>Header Files\Utils</Filter>
    </ClInclude>
    <ClInclude Include="FileHelper.h">
      <Filter>Header Files\Utils</Filter>
    </ClInclude>
    <ClInclude Include="FileOptions.h">
      <Filter>Header Files\Utils</Filter>
    </ClInclude>
    <ClInclude Include="LazyLoad.h">
      <Filter>Header Files\Utils</Filter>
    </ClInclude>
    <ClInclude Include="LiteException.h">
      <Filter>Header Files\Utils</Filter>
    </ClInclude>
    <ClInclude Include="LiteTransaction.h">
      <Filter>Header Files\Utils</Filter>
    </ClInclude>
    <ClInclude Include="LockState.h">
      <Filter>Header Files\Utils</Filter>
    </ClInclude>
    <ClInclude Include="Logger.h">
      <Filter>Header Files\Utils</Filter>
    </ClInclude>
    <ClInclude Include="MimeTypeConverter.h">
      <Filter>Header Files\Utils</Filter>
    </ClInclude>
    <ClInclude Include="StorageUnitHelper.h">
      <Filter>Header Files\Utils</Filter>
    </ClInclude>
    <ClInclude Include="AggregateEngine.h">
      <Filter>Header Files\Engine\Engine</Filter>
    </ClInclude>
    <ClInclude Include="DeleteEngine.h">
      <Filter>Header Files\Engine\Engine</Filter>
    </ClInclude>
  </ItemGroup>
  <ItemGroup>
    <ClCompile Include="stdafx.cpp">
      <Filter>Source Files</Filter>
    </ClCompile>
    <ClCompile Include="LiteCppDB.cpp">
      <Filter>Source Files</Filter>
    </ClCompile>
    <ClCompile Include="dllmain.cpp">
      <Filter>Source Files</Filter>
    </ClCompile>
    <ClCompile Include="LiteDatabase.cpp">
      <Filter>Source Files\Database</Filter>
    </ClCompile>
    <ClCompile Include="BsonReader.cpp">
      <Filter>Source Files\Document\Bson</Filter>
    </ClCompile>
    <ClCompile Include="BsonSerializer.cpp">
      <Filter>Source Files\Document\Bson</Filter>
    </ClCompile>
    <ClCompile Include="BsonWriter.cpp">
      <Filter>Source Files\Document\Bson</Filter>
    </ClCompile>
    <ClCompile Include="JsonReader.cpp">
      <Filter>Source Files\Document\Json</Filter>
    </ClCompile>
    <ClCompile Include="JsonSerializer.cpp">
      <Filter>Source Files\Document\Json</Filter>
    </ClCompile>
    <ClCompile Include="JsonTokenizer.cpp">
      <Filter>Source Files\Document\Json</Filter>
    </ClCompile>
    <ClCompile Include="JsonWriter.cpp">
      <Filter>Source Files\Document\Json</Filter>
    </ClCompile>
    <ClCompile Include="BsonArray.cpp">
      <Filter>Source Files\Document</Filter>
    </ClCompile>
    <ClCompile Include="BsonDocument.cpp">
      <Filter>Source Files\Document</Filter>
    </ClCompile>
    <ClCompile Include="BsonType.cpp">
      <Filter>Source Files\Document</Filter>
    </ClCompile>
    <ClCompile Include="BsonValue.cpp">
      <Filter>Source Files\Document</Filter>
    </ClCompile>
    <ClCompile Include="ObjectId.cpp">
      <Filter>Source Files\Document</Filter>
    </ClCompile>
    <ClCompile Include="LiteEngine.cpp">
      <Filter>Source Files\Engine</Filter>
    </ClCompile>
    <ClCompile Include="BasePage.cpp">
      <Filter>Source Files\Engine\Pages</Filter>
    </ClCompile>
    <ClCompile Include="CollectionPage.cpp">
      <Filter>Source Files\Engine\Pages</Filter>
    </ClCompile>
    <ClCompile Include="DataPage.cpp">
      <Filter>Source Files\Engine\Pages</Filter>
    </ClCompile>
    <ClCompile Include="EmptyPage.cpp">
      <Filter>Source Files\Engine\Pages</Filter>
    </ClCompile>
    <ClCompile Include="ExtendPage.cpp">
      <Filter>Source Files\Engine\Pages</Filter>
    </ClCompile>
    <ClCompile Include="HeaderPage.cpp">
      <Filter>Source Files\Engine\Pages</Filter>
    </ClCompile>
    <ClCompile Include="IndexPage.cpp">
      <Filter>Source Files\Engine\Pages</Filter>
    </ClCompile>
    <ClCompile Include="CollectionIndex.cpp">
      <Filter>Source Files\Engine\Structures</Filter>
    </ClCompile>
    <ClCompile Include="DataBlock.cpp">
      <Filter>Source Files\Engine\Structures</Filter>
    </ClCompile>
    <ClCompile Include="IndexNode.cpp">
      <Filter>Source Files\Engine\Structures</Filter>
    </ClCompile>
    <ClCompile Include="PageAddress.cpp">
      <Filter>Source Files\Engine\Structures</Filter>
    </ClCompile>
    <ClCompile Include="BsonMapper.cpp">
      <Filter>Source Files\Mapper</Filter>
    </ClCompile>
    <ClCompile Include="MemberMapper.cpp">
      <Filter>Source Files\Mapper</Filter>
    </ClCompile>
    <ClCompile Include="Reflection.cpp">
      <Filter>Source Files\Mapper\Reflection</Filter>
    </ClCompile>
    <ClCompile Include="StringExtensions.cpp">
      <Filter>Source Files\Utils\Extensions</Filter>
    </ClCompile>
    <ClCompile Include="ByteReader.cpp">
      <Filter>Source Files\Utils</Filter>
    </ClCompile>
    <ClCompile Include="ByteWriter.cpp">
      <Filter>Source Files\Utils</Filter>
    </ClCompile>
    <ClCompile Include="ConnectionString.cpp">
      <Filter>Source Files\Utils</Filter>
    </ClCompile>
    <ClCompile Include="StringScanner.cpp">
      <Filter>Source Files\Utils</Filter>
    </ClCompile>
    <ClCompile Include="Aggregate.cpp">
      <Filter>Source Files\Database\Collections</Filter>
    </ClCompile>
    <ClCompile Include="Delete.cpp">
      <Filter>Source Files\Database\Collections</Filter>
    </ClCompile>
    <ClCompile Include="Find.cpp">
      <Filter>Source Files\Database\Collections</Filter>
    </ClCompile>
    <ClCompile Include="Include.cpp">
      <Filter>Source Files\Database\Collections</Filter>
    </ClCompile>
    <ClCompile Include="Index.cpp">
      <Filter>Source Files\Database\Collections</Filter>
    </ClCompile>
    <ClCompile Include="Insert.cpp">
      <Filter>Source Files\Database\Collections</Filter>
    </ClCompile>
    <ClCompile Include="LiteCollection.cpp">
      <Filter>Source Files\Database\Collections</Filter>
    </ClCompile>
    <ClCompile Include="Update.cpp">
      <Filter>Source Files\Database\Collections</Filter>
    </ClCompile>
    <ClCompile Include="Upsert.cpp">
      <Filter>Source Files\Database\Collections</Filter>
    </ClCompile>
    <ClCompile Include="FileDiskService.cpp">
      <Filter>Source Files\Engine\Disks</Filter>
    </ClCompile>
    <ClCompile Include="IDiskService.cpp">
      <Filter>Source Files\Engine\Disks</Filter>
    </ClCompile>
    <ClCompile Include="StreamDiskService.cpp">
      <Filter>Source Files\Engine\Disks</Filter>
    </ClCompile>
    <ClCompile Include="AggregateEngine.cpp">
      <Filter>Source Files\Engine\Engine</Filter>
    </ClCompile>
    <ClCompile Include="CollectionEngine.cpp">
      <Filter>Source Files\Engine\Engine</Filter>
    </ClCompile>
    <ClCompile Include="FindEngine.cpp">
      <Filter>Source Files\Engine\Engine</Filter>
    </ClCompile>
    <ClCompile Include="IndexEngine.cpp">
      <Filter>Source Files\Engine\Engine</Filter>
    </ClCompile>
    <ClCompile Include="InsertEngine.cpp">
      <Filter>Source Files\Engine\Engine</Filter>
    </ClCompile>
    <ClCompile Include="ShrinkEngine.cpp">
      <Filter>Source Files\Engine\Engine</Filter>
    </ClCompile>
    <ClCompile Include="TransactionEngine.cpp">
      <Filter>Source Files\Engine\Engine</Filter>
    </ClCompile>
    <ClCompile Include="UpdateEngine.cpp">
      <Filter>Source Files\Engine\Engine</Filter>
    </ClCompile>
    <ClCompile Include="UpsertEngine.cpp">
      <Filter>Source Files\Engine\Engine</Filter>
    </ClCompile>
    <ClCompile Include="UserVersionEngine.cpp">
      <Filter>Source Files\Engine\Engine</Filter>
    </ClCompile>
    <ClCompile Include="Query.cpp">
      <Filter>Source Files\Engine\Query</Filter>
    </ClCompile>
    <ClCompile Include="QueryAll.cpp">
      <Filter>Source Files\Engine\Query</Filter>
    </ClCompile>
    <ClCompile Include="IndexInfo.cpp">
      <Filter>Source Files\Engine\Structures</Filter>
    </ClCompile>
    <ClCompile Include="QueryAnd.cpp">
      <Filter>Source Files\Engine\Query</Filter>
    </ClCompile>
    <ClCompile Include="QueryBetween.cpp">
      <Filter>Source Files\Engine\Query</Filter>
    </ClCompile>
    <ClCompile Include="QueryContains.cpp">
      <Filter>Source Files\Engine\Query</Filter>
    </ClCompile>
    <ClCompile Include="QueryEmpty.cpp">
      <Filter>Source Files\Engine\Query</Filter>
    </ClCompile>
    <ClCompile Include="QueryEquals.cpp">
      <Filter>Source Files\Engine\Query</Filter>
    </ClCompile>
    <ClCompile Include="QueryGreater.cpp">
      <Filter>Source Files\Engine\Query</Filter>
    </ClCompile>
    <ClCompile Include="QueryIn.cpp">
      <Filter>Source Files\Engine\Query</Filter>
    </ClCompile>
    <ClCompile Include="QueryLess.cpp">
      <Filter>Source Files\Engine\Query</Filter>
    </ClCompile>
    <ClCompile Include="QueryNot.cpp">
      <Filter>Source Files\Engine\Query</Filter>
    </ClCompile>
    <ClCompile Include="QueryNotEquals.cpp">
      <Filter>Source Files\Engine\Query</Filter>
    </ClCompile>
    <ClCompile Include="QueryOr.cpp">
      <Filter>Source Files\Engine\Query</Filter>
    </ClCompile>
    <ClCompile Include="QueryStartsWith.cpp">
      <Filter>Source Files\Engine\Query</Filter>
    </ClCompile>
    <ClCompile Include="QueryWhere.cpp">
      <Filter>Source Files\Engine\Query</Filter>
    </ClCompile>
    <ClCompile Include="CacheService.cpp">
      <Filter>Source Files\Engine\Services</Filter>
    </ClCompile>
    <ClCompile Include="CollectionService.cpp">
      <Filter>Source Files\Engine\Services</Filter>
    </ClCompile>
    <ClCompile Include="DataService.cpp">
      <Filter>Source Files\Engine\Services</Filter>
    </ClCompile>
    <ClCompile Include="IndexService.cpp">
      <Filter>Source Files\Engine\Services</Filter>
    </ClCompile>
    <ClCompile Include="LockService.cpp">
      <Filter>Source Files\Engine\Services</Filter>
    </ClCompile>
    <ClCompile Include="PageService.cpp">
      <Filter>Source Files\Engine\Services</Filter>
    </ClCompile>
    <ClCompile Include="TransactionService.cpp">
      <Filter>Source Files\Engine\Services</Filter>
    </ClCompile>
    <ClCompile Include="BsonFieldAttribute.cpp">
      <Filter>Source Files\Mapper\Attributes</Filter>
    </ClCompile>
    <ClCompile Include="BsonIdAttribute.cpp">
      <Filter>Source Files\Mapper\Attributes</Filter>
    </ClCompile>
    <ClCompile Include="BsonIgnoreAttribute.cpp">
      <Filter>Source Files\Mapper\Attributes</Filter>
    </ClCompile>
    <ClCompile Include="BsonIndexAttribute.cpp">
      <Filter>Source Files\Mapper\Attributes</Filter>
    </ClCompile>
    <ClCompile Include="BsonRefAttribute.cpp">
      <Filter>Source Files\Mapper\Attributes</Filter>
    </ClCompile>
    <ClCompile Include="QueryVisitor.cpp">
      <Filter>Source Files\Mapper\Linq</Filter>
    </ClCompile>
    <ClCompile Include="Reflection.Expression.cpp">
      <Filter>Source Files\Mapper\Reflection</Filter>
    </ClCompile>
    <ClCompile Include="AutoId.cpp">
      <Filter>Source Files\Mapper</Filter>
    </ClCompile>
    <ClCompile Include="EntityMapper.cpp">
      <Filter>Source Files\Mapper</Filter>
    </ClCompile>
    <ClCompile Include="EntityBuilder.cpp">
      <Filter>Source Files\Mapper</Filter>
    </ClCompile>
    <ClCompile Include="BsonMapper.Serialize.cpp">
      <Filter>Source Files\Mapper</Filter>
    </ClCompile>
    <ClCompile Include="BsonMapper.Deserialize.cpp">
      <Filter>Source Files\Mapper</Filter>
    </ClCompile>
    <ClCompile Include="LiteQueryable.cpp">
      <Filter>Source Files\Repository</Filter>
    </ClCompile>
    <ClCompile Include="LiteRepository.cpp">
      <Filter>Source Files\Repository</Filter>
    </ClCompile>
    <ClCompile Include="LiteFileInfo.cpp">
      <Filter>Source Files\Storage</Filter>
    </ClCompile>
    <ClCompile Include="LiteFileStream.cpp">
      <Filter>Source Files\Storage</Filter>
    </ClCompile>
    <ClCompile Include="LiteFileStream.Read.cpp">
      <Filter>Source Files\Storage</Filter>
    </ClCompile>
    <ClCompile Include="LiteFileStream.Write.cpp">
      <Filter>Source Files\Storage</Filter>
    </ClCompile>
    <ClCompile Include="LiteStorage.cpp">
      <Filter>Source Files\Storage</Filter>
    </ClCompile>
    <ClCompile Include="IDbReader.cpp">
      <Filter>Source Files\Upgrade</Filter>
    </ClCompile>
    <ClCompile Include="Upgrade.cpp">
      <Filter>Source Files\Upgrade</Filter>
    </ClCompile>
    <ClCompile Include="BinaryExtensions.cpp">
      <Filter>Source Files\Utils\Extensions</Filter>
    </ClCompile>
    <ClCompile Include="ByteArrayExtensions.cpp">
      <Filter>Source Files\Utils\Extensions</Filter>
    </ClCompile>
    <ClCompile Include="DictionaryExtensions.cpp">
      <Filter>Source Files\Utils\Extensions</Filter>
    </ClCompile>
    <ClCompile Include="ExpressionExtensions.cpp">
      <Filter>Source Files\Utils\Extensions</Filter>
    </ClCompile>
    <ClCompile Include="IOExceptionExtensions.cpp">
      <Filter>Source Files\Utils\Extensions</Filter>
    </ClCompile>
    <ClCompile Include="LinqExtensions.cpp">
      <Filter>Source Files\Utils\Extensions</Filter>
    </ClCompile>
    <ClCompile Include="StreamExtensions.cpp">
      <Filter>Source Files\Utils\Extensions</Filter>
    </ClCompile>
    <ClCompile Include="TypeExtensions.cpp">
      <Filter>Source Files\Utils\Extensions</Filter>
    </ClCompile>
    <ClCompile Include="AesEncryption.cpp">
      <Filter>Source Files\Utils</Filter>
    </ClCompile>
    <ClCompile Include="FileHelper.cpp">
      <Filter>Source Files\Utils</Filter>
    </ClCompile>
    <ClCompile Include="FileOptions.cpp">
      <Filter>Source Files\Utils</Filter>
    </ClCompile>
    <ClCompile Include="LazyLoad.cpp">
      <Filter>Source Files\Utils</Filter>
    </ClCompile>
    <ClCompile Include="LiteException.cpp">
      <Filter>Source Files\Utils</Filter>
    </ClCompile>
    <ClCompile Include="LiteTransaction.cpp">
      <Filter>Source Files\Utils</Filter>
    </ClCompile>
    <ClCompile Include="LockState.cpp">
      <Filter>Source Files\Utils</Filter>
    </ClCompile>
    <ClCompile Include="Logger.cpp">
      <Filter>Source Files\Utils</Filter>
    </ClCompile>
    <ClCompile Include="MimeTypeConverter.cpp">
      <Filter>Source Files\Utils</Filter>
    </ClCompile>
    <ClCompile Include="StorageUnitHelper.cpp">
      <Filter>Source Files\Utils</Filter>
    </ClCompile>
    <ClCompile Include="DeleteEngine.cpp">
      <Filter>Source Files\Engine\Engine</Filter>
    </ClCompile>
  </ItemGroup>
</Project>