<?xml version="1.0" encoding="utf-8"?>
<Project ToolsVersion="4.0" xmlns="http://schemas.microsoft.com/developer/msbuild/2003">
  <ItemGroup>
    <Filter Include="Source Files">
      <UniqueIdentifier>{4FC737F1-C7A5-4376-A066-2A32D752A2FF}</UniqueIdentifier>
      <Extensions>cpp;c;cc;cxx;def;odl;idl;hpj;bat;asm;asmx</Extensions>
    </Filter>
    <Filter Include="Header Files">
      <UniqueIdentifier>{93995380-89BD-4b04-88EB-625FBE52EBFB}</UniqueIdentifier>
      <Extensions>h;hh;hpp;hxx;hm;inl;inc;xsd</Extensions>
    </Filter>
    <Filter Include="Resource Files">
      <UniqueIdentifier>{67DA6AB6-F800-4c08-8B7A-83BB121AAD01}</UniqueIdentifier>
      <Extensions>rc;ico;cur;bmp;dlg;rc2;rct;bin;rgs;gif;jpg;jpeg;jpe;resx;tiff;tif;png;wav;mfcribbon-ms</Extensions>
    </Filter>
    <Filter Include="Header Files\Commands">
      <UniqueIdentifier>{4f83e87e-8ba6-4b0f-8db6-b66a1e9b74f7}</UniqueIdentifier>
    </Filter>
    <Filter Include="Source Files\Commands">
      <UniqueIdentifier>{cdd890c9-2ed5-45de-816e-7366d8e9aabe}</UniqueIdentifier>
    </Filter>
    <Filter Include="Header Files\Shell">
      <UniqueIdentifier>{a85ab643-cfaa-4a1b-8d6a-e357dd9eaf7a}</UniqueIdentifier>
    </Filter>
    <Filter Include="Source Files\Shell">
      <UniqueIdentifier>{cb908199-0b92-4131-b64a-6ae5a9863527}</UniqueIdentifier>
    </Filter>
    <Filter Include="Header Files\Utils">
      <UniqueIdentifier>{46efd94f-fdf6-47f3-882d-40ee4d8b7851}</UniqueIdentifier>
    </Filter>
    <Filter Include="Source Files\Utils">
      <UniqueIdentifier>{0288be87-6d09-4146-ac69-b67b1e655645}</UniqueIdentifier>
    </Filter>
    <Filter Include="Source Files\Commands\Collections">
      <UniqueIdentifier>{6afe2108-deb6-43a5-aa38-8e27374d0dcf}</UniqueIdentifier>
    </Filter>
    <Filter Include="Header Files\Commands\Collections">
      <UniqueIdentifier>{fe33c8ac-df35-4056-8ba3-f030820c4c8f}</UniqueIdentifier>
    </Filter>
    <Filter Include="Header Files\Commands\Console">
      <UniqueIdentifier>{54d8f3ed-fbf5-4c0d-9111-d4f616901a68}</UniqueIdentifier>
    </Filter>
    <Filter Include="Source Files\Commands\Console">
      <UniqueIdentifier>{5ea00fb6-86ab-4fcd-a0f3-b354d3189637}</UniqueIdentifier>
    </Filter>
    <Filter Include="Header Files\Commands\Storage">
      <UniqueIdentifier>{923a1054-a787-4c07-aa0d-9bb7a8ed0cfd}</UniqueIdentifier>
    </Filter>
    <Filter Include="Source Files\Commands\Storage">
      <UniqueIdentifier>{1611ec27-7ad2-49da-94b4-d3dc5e563599}</UniqueIdentifier>
    </Filter>
  </ItemGroup>
  <ItemGroup>
    <Text Include="ReadMe.txt" />
  </ItemGroup>
  <ItemGroup>
    <ClInclude Include="stdafx.h">
      <Filter>Header Files</Filter>
    </ClInclude>
    <ClInclude Include="targetver.h">
      <Filter>Header Files</Filter>
    </ClInclude>
    <ClInclude Include="Cls.h">
      <Filter>Header Files\Commands\Console</Filter>
    </ClInclude>
    <ClInclude Include="Comment.h">
      <Filter>Header Files\Commands\Console</Filter>
    </ClInclude>
    <ClInclude Include="Debug.h">
      <Filter>Header Files\Commands\Console</Filter>
    </ClInclude>
    <ClInclude Include="Ed.h">
      <Filter>Header Files\Commands\Console</Filter>
    </ClInclude>
    <ClInclude Include="Help.h">
      <Filter>Header Files\Commands\Console</Filter>
    </ClInclude>
    <ClInclude Include="Open.h">
      <Filter>Header Files\Commands\Console</Filter>
    </ClInclude>
    <ClInclude Include="Pretty.h">
      <Filter>Header Files\Commands\Console</Filter>
    </ClInclude>
    <ClInclude Include="Quit.h">
      <Filter>Header Files\Commands\Console</Filter>
    </ClInclude>
    <ClInclude Include="Run.h">
      <Filter>Header Files\Commands\Console</Filter>
    </ClInclude>
    <ClInclude Include="ShowCollections.h">
      <Filter>Header Files\Commands\Console</Filter>
    </ClInclude>
    <ClInclude Include="Shrink.h">
      <Filter>Header Files\Commands\Console</Filter>
    </ClInclude>
    <ClInclude Include="Spool.h">
      <Filter>Header Files\Commands\Console</Filter>
    </ClInclude>
    <ClInclude Include="Timer.h">
      <Filter>Header Files\Commands\Console</Filter>
    </ClInclude>
    <ClInclude Include="Upgrade.h">
      <Filter>Header Files\Commands\Console</Filter>
    </ClInclude>
    <ClInclude Include="UserVersion.h">
      <Filter>Header Files\Commands\Console</Filter>
    </ClInclude>
    <ClInclude Include="Version.h">
      <Filter>Header Files\Commands\Console</Filter>
    </ClInclude>
    <ClInclude Include="ICommand.h">
      <Filter>Header Files\Commands</Filter>
    </ClInclude>
    <ClInclude Include="ConsoleException.h">
      <Filter>Header Files\Shell</Filter>
    </ClInclude>
    <ClInclude Include="ConsoleProgram.h">
      <Filter>Header Files\Shell</Filter>
    </ClInclude>
    <ClInclude Include="Display.h">
      <Filter>Header Files\Shell</Filter>
    </ClInclude>
    <ClInclude Include="Env.h">
      <Filter>Header Files\Shell</Filter>
    </ClInclude>
    <ClInclude Include="InputCommand.h">
      <Filter>Header Files\Shell</Filter>
    </ClInclude>
    <ClInclude Include="BaseCollection.h">
      <Filter>Header Files\Commands\Collections</Filter>
    </ClInclude>
    <ClInclude Include="Bulk.h">
      <Filter>Header Files\Commands\Collections</Filter>
    </ClInclude>
    <ClInclude Include="Count.h">
      <Filter>Header Files\Commands\Collections</Filter>
    </ClInclude>
    <ClInclude Include="Delete.h">
      <Filter>Header Files\Commands\Collections</Filter>
    </ClInclude>
    <ClInclude Include="Drop.h">
      <Filter>Header Files\Commands\Collections</Filter>
    </ClInclude>
    <ClInclude Include="DropIndex.h">
      <Filter>Header Files\Commands\Collections</Filter>
    </ClInclude>
    <ClInclude Include="EnsureIndex.h">
      <Filter>Header Files\Commands\Collections</Filter>
    </ClInclude>
    <ClInclude Include="Find.h">
      <Filter>Header Files\Commands\Collections</Filter>
    </ClInclude>
    <ClInclude Include="Indexes.h">
      <Filter>Header Files\Commands\Collections</Filter>
    </ClInclude>
    <ClInclude Include="Insert.h">
      <Filter>Header Files\Commands\Collections</Filter>
    </ClInclude>
    <ClInclude Include="Max.h">
      <Filter>Header Files\Commands\Collections</Filter>
    </ClInclude>
    <ClInclude Include="Min.h">
      <Filter>Header Files\Commands\Collections</Filter>
    </ClInclude>
    <ClInclude Include="Rename.h">
      <Filter>Header Files\Commands\Collections</Filter>
    </ClInclude>
    <ClInclude Include="Update.h">
      <Filter>Header Files\Commands\Collections</Filter>
    </ClInclude>
    <ClInclude Include="BaseStorage.h">
      <Filter>Header Files\Commands\Storage</Filter>
    </ClInclude>
    <ClInclude Include="DeleteStorage.h">
      <Filter>Header Files\Commands\Storage</Filter>
    </ClInclude>
    <ClInclude Include="DownloadStorage.h">
      <Filter>Header Files\Commands\Storage</Filter>
    </ClInclude>
    <ClInclude Include="FindStorage.h">
      <Filter>Header Files\Commands\Storage</Filter>
    </ClInclude>
    <ClInclude Include="UpdateStorage.h">
      <Filter>Header Files\Commands\Storage</Filter>
    </ClInclude>
    <ClInclude Include="UploadStorage.h">
      <Filter>Header Files\Commands\Storage</Filter>
    </ClInclude>
    <ClInclude Include="OptionSet.h">
      <Filter>Header Files\Utils</Filter>
    </ClInclude>
    <ClInclude Include="StringExtensions.h">
      <Filter>Header Files\Utils</Filter>
    </ClInclude>
  </ItemGroup>
  <ItemGroup>
    <ClCompile Include="stdafx.cpp">
      <Filter>Source Files</Filter>
    </ClCompile>
    <ClCompile Include="LiteCppDBConsole.cpp">
      <Filter>Source Files</Filter>
    </ClCompile>
    <ClCompile Include="Cls.cpp">
      <Filter>Source Files\Commands\Console</Filter>
    </ClCompile>
    <ClCompile Include="Comment.cpp">
      <Filter>Source Files\Commands\Console</Filter>
    </ClCompile>
    <ClCompile Include="Debug.cpp">
      <Filter>Source Files\Commands\Console</Filter>
    </ClCompile>
    <ClCompile Include="Ed.cpp">
      <Filter>Source Files\Commands\Console</Filter>
    </ClCompile>
    <ClCompile Include="Help.cpp">
      <Filter>Source Files\Commands\Console</Filter>
    </ClCompile>
    <ClCompile Include="Open.cpp">
      <Filter>Source Files\Commands\Console</Filter>
    </ClCompile>
    <ClCompile Include="Pretty.cpp">
      <Filter>Source Files\Commands\Console</Filter>
    </ClCompile>
    <ClCompile Include="Quit.cpp">
      <Filter>Source Files\Commands\Console</Filter>
    </ClCompile>
    <ClCompile Include="Run.cpp">
      <Filter>Source Files\Commands\Console</Filter>
    </ClCompile>
    <ClCompile Include="ShowCollections.cpp">
      <Filter>Source Files\Commands\Console</Filter>
    </ClCompile>
    <ClCompile Include="Shrink.cpp">
      <Filter>Source Files\Commands\Console</Filter>
    </ClCompile>
    <ClCompile Include="Spool.cpp">
      <Filter>Source Files\Commands\Console</Filter>
    </ClCompile>
    <ClCompile Include="Timer.cpp">
      <Filter>Source Files\Commands\Console</Filter>
    </ClCompile>
    <ClCompile Include="Upgrade.cpp">
      <Filter>Source Files\Commands\Console</Filter>
    </ClCompile>
    <ClCompile Include="UserVersion.cpp">
      <Filter>Source Files\Commands\Console</Filter>
    </ClCompile>
    <ClCompile Include="Version.cpp">
      <Filter>Source Files\Commands\Console</Filter>
    </ClCompile>
    <ClCompile Include="ConsoleException.cpp">
      <Filter>Source Files\Shell</Filter>
    </ClCompile>
    <ClCompile Include="ConsoleProgram.cpp">
      <Filter>Source Files\Shell</Filter>
    </ClCompile>
    <ClCompile Include="Display.cpp">
      <Filter>Source Files\Shell</Filter>
    </ClCompile>
    <ClCompile Include="Env.cpp">
      <Filter>Source Files\Shell</Filter>
    </ClCompile>
    <ClCompile Include="InputCommand.cpp">
      <Filter>Source Files\Shell</Filter>
    </ClCompile>
    <ClCompile Include="BaseCollection.cpp">
      <Filter>Source Files\Commands\Collections</Filter>
    </ClCompile>
    <ClCompile Include="Bulk.cpp">
      <Filter>Source Files\Commands\Collections</Filter>
    </ClCompile>
    <ClCompile Include="Count.cpp">
      <Filter>Source Files\Commands\Collections</Filter>
    </ClCompile>
    <ClCompile Include="Delete.cpp">
      <Filter>Source Files\Commands\Collections</Filter>
    </ClCompile>
    <ClCompile Include="Drop.cpp">
      <Filter>Source Files\Commands\Collections</Filter>
    </ClCompile>
    <ClCompile Include="DropIndex.cpp">
      <Filter>Source Files\Commands\Collections</Filter>
    </ClCompile>
    <ClCompile Include="EnsureIndex.cpp">
      <Filter>Source Files\Commands\Collections</Filter>
    </ClCompile>
    <ClCompile Include="Find.cpp">
      <Filter>Source Files\Commands\Collections</Filter>
    </ClCompile>
    <ClCompile Include="Indexes.cpp">
      <Filter>Source Files\Commands\Collections</Filter>
    </ClCompile>
    <ClCompile Include="Insert.cpp">
      <Filter>Source Files\Commands\Collections</Filter>
    </ClCompile>
    <ClCompile Include="Max.cpp">
      <Filter>Source Files\Commands\Collections</Filter>
    </ClCompile>
    <ClCompile Include="Min.cpp">
      <Filter>Source Files\Commands\Collections</Filter>
    </ClCompile>
    <ClCompile Include="Rename.cpp">
      <Filter>Source Files\Commands\Collections</Filter>
    </ClCompile>
    <ClCompile Include="Update.cpp">
      <Filter>Source Files\Commands\Collections</Filter>
    </ClCompile>
    <ClCompile Include="BaseStorage.cpp">
      <Filter>Source Files\Commands\Storage</Filter>
    </ClCompile>
    <ClCompile Include="DeleteStorage.cpp">
      <Filter>Source Files\Commands\Storage</Filter>
    </ClCompile>
    <ClCompile Include="DownloadStorage.cpp">
      <Filter>Source Files\Commands\Storage</Filter>
    </ClCompile>
    <ClCompile Include="FindStorage.cpp">
      <Filter>Source Files\Commands\Storage</Filter>
    </ClCompile>
    <ClCompile Include="UpdateStorage.cpp">
      <Filter>Source Files\Commands\Storage</Filter>
    </ClCompile>
    <ClCompile Include="UploadStorage.cpp">
      <Filter>Source Files\Commands\Storage</Filter>
    </ClCompile>
    <ClCompile Include="OptionSet.cpp">
      <Filter>Source Files\Utils</Filter>
    </ClCompile>
    <ClCompile Include="StringExtensions.cpp">
      <Filter>Source Files\Utils</Filter>
    </ClCompile>
  </ItemGroup>
</Project>