<?xml version="1.0" encoding="utf-8"?>
<Project ToolsVersion="4.0" xmlns="http://schemas.microsoft.com/developer/msbuild/2003">
  <ItemGroup>
    <Filter Include="Source Files">
      <UniqueIdentifier>{4FC737F1-C7A5-4376-A066-2A32D752A2FF}</UniqueIdentifier>
      <Extensions>cpp;c;cc;cxx;def;odl;idl;hpj;bat;asm;asmx</Extensions>
    </Filter>
    <Filter Include="Header Files">
      <UniqueIdentifier>{93995380-89BD-4b04-88EB-625FBE52EBFB}</UniqueIdentifier>
      <Extensions>h;hh;hpp;hxx;hm;inl;inc;xsd</Extensions>
    </Filter>
    <Filter Include="Resource Files">
      <UniqueIdentifier>{67DA6AB6-F800-4c08-8B7A-83BB121AAD01}</UniqueIdentifier>
      <Extensions>rc;ico;cur;bmp;dlg;rc2;rct;bin;rgs;gif;jpg;jpeg;jpe;resx;tiff;tif;png;wav;mfcribbon-ms</Extensions>
    </Filter>
    <Filter Include="Header Files\Concurrency">
      <UniqueIdentifier>{eaa0938d-d4ac-4fa2-9f5c-661041982f83}</UniqueIdentifier>
    </Filter>
    <Filter Include="Source Files\Concurrency">
      <UniqueIdentifier>{96d85513-bde0-4293-9b76-bcece7874288}</UniqueIdentifier>
    </Filter>
    <Filter Include="Header Files\Database">
      <UniqueIdentifier>{0ad1d021-f4d8-454c-9ecc-cb3c2f29f6df}</UniqueIdentifier>
    </Filter>
    <Filter Include="Source Files\Database">
      <UniqueIdentifier>{22e07ff1-bc38-4499-91c7-2a19874a4c19}</UniqueIdentifier>
    </Filter>
    <Filter Include="Header Files\Document">
      <UniqueIdentifier>{44f81435-ce6f-413c-9c1c-30cb76d9767e}</UniqueIdentifier>
    </Filter>
    <Filter Include="Source Files\Document">
      <UniqueIdentifier>{cbdf7304-f188-49f4-83ce-653d4a98b4bf}</UniqueIdentifier>
    </Filter>
    <Filter Include="Header Files\Engine">
      <UniqueIdentifier>{27292497-78db-4583-9f78-4ee2e5c17006}</UniqueIdentifier>
    </Filter>
    <Filter Include="Source Files\Engine">
      <UniqueIdentifier>{d54d205a-4c4e-4839-a6a2-283784a63219}</UniqueIdentifier>
    </Filter>
    <Filter Include="Header Files\Mapper">
      <UniqueIdentifier>{84d5fab1-b3b2-4cfb-a048-d77d89dba682}</UniqueIdentifier>
    </Filter>
    <Filter Include="Source Files\Mapper">
      <UniqueIdentifier>{6e47127a-fe54-4128-9aec-2b569f90eec8}</UniqueIdentifier>
    </Filter>
    <Filter Include="Header Files\Repository">
      <UniqueIdentifier>{d426e52e-016d-45a6-96f0-c4100289d5b4}</UniqueIdentifier>
    </Filter>
    <Filter Include="Source Files\Repository">
      <UniqueIdentifier>{9c833fae-bb65-4075-ac68-2c547689bf44}</UniqueIdentifier>
    </Filter>
    <Filter Include="Header Files\Storage">
      <UniqueIdentifier>{858e7933-2308-48d5-8000-5ac895825c9b}</UniqueIdentifier>
    </Filter>
    <Filter Include="Source Files\Storage">
      <UniqueIdentifier>{e9bc0cfb-e59d-4a62-a032-01ac992fd442}</UniqueIdentifier>
    </Filter>
    <Filter Include="Header Files\Utils">
      <UniqueIdentifier>{e52b7ef3-3569-4a35-b94c-084239387e2e}</UniqueIdentifier>
    </Filter>
    <Filter Include="Source Files\Utils">
      <UniqueIdentifier>{dabad9e4-f277-48f5-be85-94812d4f9bac}</UniqueIdentifier>
    </Filter>
  </ItemGroup>
  <ItemGroup>
    <Text Include="ReadMe.txt" />
  </ItemGroup>
  <ItemGroup>
    <ClInclude Include="stdafx.h">
      <Filter>Header Files</Filter>
    </ClInclude>
    <ClInclude Include="targetver.h">
      <Filter>Header Files</Filter>
    </ClInclude>
    <ClInclude Include="AttributeMapperTest.h">
      <Filter>Header Files\Database</Filter>
    </ClInclude>
    <ClInclude Include="NullRefTests.h">
      <Filter>Header Files\Database</Filter>
    </ClInclude>
    <ClInclude Include="BsonTest.h">
      <Filter>Header Files\Document</Filter>
    </ClInclude>
    <ClInclude Include="DecimalTest.h">
      <Filter>Header Files\Document</Filter>
    </ClInclude>
    <ClInclude Include="DocumentTest.h">
      <Filter>Header Files\Document</Filter>
    </ClInclude>
    <ClInclude Include="ImplicitTest.h">
      <Filter>Header Files\Document</Filter>
    </ClInclude>
    <ClInclude Include="AutoIdConcurrencyTest.h">
      <Filter>Header Files\Concurrency</Filter>
    </ClInclude>
    <ClInclude Include="LockerTest.h">
      <Filter>Header Files\Concurrency</Filter>
    </ClInclude>
    <ClInclude Include="LoopTest.h">
      <Filter>Header Files\Concurrency</Filter>
    </ClInclude>
    <ClInclude Include="PerformanceTest.h">
      <Filter>Header Files\Concurrency</Filter>
    </ClInclude>
    <ClInclude Include="ProcessTest.h">
      <Filter>Header Files\Concurrency</Filter>
    </ClInclude>
    <ClInclude Include="ThreadTest.h">
      <Filter>Header Files\Concurrency</Filter>
    </ClInclude>
    <ClInclude Include="AutoIdTest.h">
      <Filter>Header Files\Database</Filter>
    </ClInclude>
    <ClInclude Include="AutoIndexDatabaseTest.h">
      <Filter>Header Files\Database</Filter>
    </ClInclude>
    <ClInclude Include="BigDatabaseTest.h">
      <Filter>Header Files\Database</Filter>
    </ClInclude>
    <ClInclude Include="TempFile.h">
      <Filter>Header Files\Utils</Filter>
    </ClInclude>
    <ClInclude Include="BigFileTest.h">
      <Filter>Header Files\Storage</Filter>
    </ClInclude>
    <ClInclude Include="LocalFileTest.h">
      <Filter>Header Files\Storage</Filter>
    </ClInclude>
    <ClInclude Include="MetadataTest.h">
      <Filter>Header Files\Storage</Filter>
    </ClInclude>
    <ClInclude Include="StorageStreamTest.h">
      <Filter>Header Files\Storage</Filter>
    </ClInclude>
    <ClInclude Include="RepoTest.h">
      <Filter>Header Files\Repository</Filter>
    </ClInclude>
    <ClInclude Include="CustomTypeTest.h">
      <Filter>Header Files\Mapper</Filter>
    </ClInclude>
    <ClInclude Include="DictionaryTest.h">
      <Filter>Header Files\Mapper</Filter>
    </ClInclude>
    <ClInclude Include="DictListTest.h">
      <Filter>Header Files\Mapper</Filter>
    </ClInclude>
    <ClInclude Include="FluentMapperTest.h">
      <Filter>Header Files\Mapper</Filter>
    </ClInclude>
    <ClInclude Include="InterfaceBaseTest.h">
      <Filter>Header Files\Mapper</Filter>
    </ClInclude>
    <ClInclude Include="MapperExceptionTest.h">
      <Filter>Header Files\Mapper</Filter>
    </ClInclude>
    <ClInclude Include="MapperNonPublicTest.h">
      <Filter>Header Files\Mapper</Filter>
    </ClInclude>
    <ClInclude Include="MapperTest.h">
      <Filter>Header Files\Mapper</Filter>
    </ClInclude>
    <ClInclude Include="MaxValueTest.h">
      <Filter>Header Files\Mapper</Filter>
    </ClInclude>
    <ClInclude Include="PolymorphicTest.h">
      <Filter>Header Files\Mapper</Filter>
    </ClInclude>
    <ClInclude Include="ReflectionGetterSetterTest.h">
      <Filter>Header Files\Mapper</Filter>
    </ClInclude>
    <ClInclude Include="AutoIndexEngineTest.h">
      <Filter>Header Files\Engine</Filter>
    </ClInclude>
    <ClInclude Include="BulkInsertTest.h">
      <Filter>Header Files\Engine</Filter>
    </ClInclude>
    <ClInclude Include="DropCollectionTest.h">
      <Filter>Header Files\Engine</Filter>
    </ClInclude>
    <ClInclude Include="EncryptedTest.h">
      <Filter>Header Files\Engine</Filter>
    </ClInclude>
    <ClInclude Include="EngineTest.h">
      <Filter>Header Files\Engine</Filter>
    </ClInclude>
    <ClInclude Include="IndexOrderTest.h">
      <Filter>Header Files\Engine</Filter>
    </ClInclude>
    <ClInclude Include="JsonTest.h">
      <Filter>Header Files\Engine</Filter>
    </ClInclude>
    <ClInclude Include="MapperInterfaceTest.h">
      <Filter>Header Files\Engine</Filter>
    </ClInclude>
    <ClInclude Include="MemoryStreamTest.h">
      <Filter>Header Files\Engine</Filter>
    </ClInclude>
    <ClInclude Include="MultiKeyTest.h">
      <Filter>Header Files\Engine</Filter>
    </ClInclude>
    <ClInclude Include="ObjectIdTest.h">
      <Filter>Header Files\Engine</Filter>
    </ClInclude>
    <ClInclude Include="QueryTest.h">
      <Filter>Header Files\Engine</Filter>
    </ClInclude>
    <ClInclude Include="ReadOnlyTest.h">
      <Filter>Header Files\Engine</Filter>
    </ClInclude>
    <ClInclude Include="ShrinkTest.h">
      <Filter>Header Files\Engine</Filter>
    </ClInclude>
    <ClInclude Include="UpgradeTest.h">
      <Filter>Header Files\Engine</Filter>
    </ClInclude>
    <ClInclude Include="UserVersionTest.h">
      <Filter>Header Files\Engine</Filter>
    </ClInclude>
    <ClInclude Include="ConnectionStringTestcpp.h">
      <Filter>Header Files\Database</Filter>
    </ClInclude>
    <ClInclude Include="DbRefIndexTest.h">
      <Filter>Header Files\Database</Filter>
    </ClInclude>
    <ClInclude Include="DeleteByNameTest.h">
      <Filter>Header Files\Database</Filter>
    </ClInclude>
    <ClInclude Include="DerivedTypesTest.h">
      <Filter>Header Files\Database</Filter>
    </ClInclude>
    <ClInclude Include="FindAllTest.h">
      <Filter>Header Files\Database</Filter>
    </ClInclude>
    <ClInclude Include="IncludeTest.h">
      <Filter>Header Files\Database</Filter>
    </ClInclude>
    <ClInclude Include="IndexSortAndFilterTest.h">
      <Filter>Header Files\Database</Filter>
    </ClInclude>
    <ClInclude Include="LinqTest.h">
      <Filter>Header Files\Database</Filter>
    </ClInclude>
    <ClInclude Include="LockTimeoutTests.h">
      <Filter>Header Files\Database</Filter>
    </ClInclude>
    <ClInclude Include="MultiKeyMapperTest.h">
      <Filter>Header Files\Database</Filter>
    </ClInclude>
    <ClInclude Include="NonIdPocoTest.h">
      <Filter>Header Files\Database</Filter>
    </ClInclude>
    <ClInclude Include="PredicateBuilderTest.h">
      <Filter>Header Files\Database</Filter>
    </ClInclude>
    <ClInclude Include="ShrinkDatabaseTest.h">
      <Filter>Header Files\Database</Filter>
    </ClInclude>
    <ClInclude Include="StructTest.h">
      <Filter>Header Files\Database</Filter>
    </ClInclude>
    <ClInclude Include="ULongListTest.h">
      <Filter>Header Files\Database</Filter>
    </ClInclude>
    <ClInclude Include="UniqueIndexMapperTest.h">
      <Filter>Header Files\Database</Filter>
    </ClInclude>
    <ClInclude Include="UpgradeScriptTest.h">
      <Filter>Header Files\Database</Filter>
    </ClInclude>
  </ItemGroup>
  <ItemGroup>
    <ClCompile Include="stdafx.cpp">
      <Filter>Source Files</Filter>
    </ClCompile>
    <ClCompile Include="LiteCppDBTests.cpp">
      <Filter>Source Files</Filter>
    </ClCompile>
    <ClCompile Include="dllmain.cpp">
      <Filter>Source Files</Filter>
    </ClCompile>
    <ClCompile Include="AttributeMapperTest.cpp">
      <Filter>Source Files\Database</Filter>
    </ClCompile>
    <ClCompile Include="NullRefTests.cpp">
      <Filter>Source Files\Database</Filter>
    </ClCompile>
    <ClCompile Include="BsonTest.cpp">
      <Filter>Source Files\Document</Filter>
    </ClCompile>
    <ClCompile Include="DecimalTest.cpp">
      <Filter>Source Files\Document</Filter>
    </ClCompile>
    <ClCompile Include="DocumentTest.cpp">
      <Filter>Source Files\Document</Filter>
    </ClCompile>
    <ClCompile Include="ImplicitTest.cpp">
      <Filter>Source Files\Document</Filter>
    </ClCompile>
    <ClCompile Include="AutoIdConcurrencyTest.cpp">
      <Filter>Source Files\Concurrency</Filter>
    </ClCompile>
    <ClCompile Include="LockerTest.cpp">
      <Filter>Source Files\Concurrency</Filter>
    </ClCompile>
    <ClCompile Include="LoopTest.cpp">
      <Filter>Source Files\Concurrency</Filter>
    </ClCompile>
    <ClCompile Include="PerformanceTest.cpp">
      <Filter>Source Files\Concurrency</Filter>
    </ClCompile>
    <ClCompile Include="ProcessTest.cpp">
      <Filter>Source Files\Concurrency</Filter>
    </ClCompile>
    <ClCompile Include="ThreadTest.cpp">
      <Filter>Source Files\Concurrency</Filter>
    </ClCompile>
    <ClCompile Include="AutoIdTest.cpp">
      <Filter>Source Files\Database</Filter>
    </ClCompile>
    <ClCompile Include="AutoIndexDatabaseTest.cpp">
      <Filter>Source Files\Database</Filter>
    </ClCompile>
    <ClCompile Include="BigDatabaseTest.cpp">
      <Filter>Source Files\Database</Filter>
    </ClCompile>
    <ClCompile Include="TempFile.cpp">
      <Filter>Source Files\Utils</Filter>
    </ClCompile>
    <ClCompile Include="BigFileTest.cpp">
      <Filter>Source Files\Storage</Filter>
    </ClCompile>
    <ClCompile Include="LocalFileTest.cpp">
      <Filter>Source Files\Storage</Filter>
    </ClCompile>
    <ClCompile Include="MetadataTest.cpp">
      <Filter>Source Files\Storage</Filter>
    </ClCompile>
    <ClCompile Include="StorageStreamTest.cpp">
      <Filter>Source Files\Storage</Filter>
    </ClCompile>
    <ClCompile Include="RepoTest.cpp">
      <Filter>Source Files\Repository</Filter>
    </ClCompile>
    <ClCompile Include="CustomTypeTest.cpp">
      <Filter>Source Files\Mapper</Filter>
    </ClCompile>
    <ClCompile Include="DictionaryTest.cpp">
      <Filter>Source Files\Mapper</Filter>
    </ClCompile>
    <ClCompile Include="DictListTest.cpp">
      <Filter>Source Files\Mapper</Filter>
    </ClCompile>
    <ClCompile Include="FluentMapperTest.cpp">
      <Filter>Source Files\Mapper</Filter>
    </ClCompile>
    <ClCompile Include="InterfaceBaseTest.cpp">
      <Filter>Source Files\Mapper</Filter>
    </ClCompile>
    <ClCompile Include="MapperExceptionTest.cpp">
      <Filter>Source Files\Mapper</Filter>
    </ClCompile>
    <ClCompile Include="MapperNonPublicTest.cpp">
      <Filter>Source Files\Mapper</Filter>
    </ClCompile>
    <ClCompile Include="MapperTest.cpp">
      <Filter>Source Files\Mapper</Filter>
    </ClCompile>
    <ClCompile Include="MaxValueTest.cpp">
      <Filter>Source Files\Mapper</Filter>
    </ClCompile>
    <ClCompile Include="PolymorphicTest.cpp">
      <Filter>Source Files\Mapper</Filter>
    </ClCompile>
    <ClCompile Include="ReflectionGetterSetterTest.cpp">
      <Filter>Source Files\Mapper</Filter>
    </ClCompile>
    <ClCompile Include="AutoIndexEngineTest.cpp">
      <Filter>Source Files\Engine</Filter>
    </ClCompile>
    <ClCompile Include="BulkInsertTest.cpp">
      <Filter>Source Files\Engine</Filter>
    </ClCompile>
    <ClCompile Include="DropCollectionTest.cpp">
      <Filter>Source Files\Engine</Filter>
    </ClCompile>
    <ClCompile Include="EncryptedTest.cpp">
      <Filter>Source Files\Engine</Filter>
    </ClCompile>
    <ClCompile Include="EngineTest.cpp">
      <Filter>Source Files\Engine</Filter>
    </ClCompile>
    <ClCompile Include="IndexOrderTest.cpp">
      <Filter>Source Files\Engine</Filter>
    </ClCompile>
    <ClCompile Include="JsonTest.cpp">
      <Filter>Source Files\Engine</Filter>
    </ClCompile>
    <ClCompile Include="MapperInterfaceTest.cpp">
      <Filter>Source Files\Engine</Filter>
    </ClCompile>
    <ClCompile Include="MemoryStreamTest.cpp">
      <Filter>Source Files\Engine</Filter>
    </ClCompile>
    <ClCompile Include="MultiKeyTest.cpp">
      <Filter>Source Files\Engine</Filter>
    </ClCompile>
    <ClCompile Include="ObjectIdTest.cpp">
      <Filter>Source Files\Engine</Filter>
    </ClCompile>
    <ClCompile Include="QueryTest.cpp">
      <Filter>Source Files\Engine</Filter>
    </ClCompile>
    <ClCompile Include="ReadOnlyTest.cpp">
      <Filter>Source Files\Engine</Filter>
    </ClCompile>
    <ClCompile Include="ShrinkTest.cpp">
      <Filter>Source Files\Engine</Filter>
    </ClCompile>
    <ClCompile Include="UpgradeTest.cpp">
      <Filter>Source Files\Engine</Filter>
    </ClCompile>
    <ClCompile Include="UserVersionTest.cpp">
      <Filter>Source Files\Engine</Filter>
    </ClCompile>
    <ClCompile Include="ConnectionStringTest.cpp">
      <Filter>Source Files\Database</Filter>
    </ClCompile>
    <ClCompile Include="DbRefIndexTest.cpp">
      <Filter>Source Files\Database</Filter>
    </ClCompile>
    <ClCompile Include="DeleteByNameTest.cpp">
      <Filter>Source Files\Database</Filter>
    </ClCompile>
    <ClCompile Include="DerivedTypesTest.cpp">
      <Filter>Source Files\Database</Filter>
    </ClCompile>
    <ClCompile Include="FindAllTest.cpp">
      <Filter>Source Files\Database</Filter>
    </ClCompile>
    <ClCompile Include="IncludeTest.cpp">
      <Filter>Source Files\Database</Filter>
    </ClCompile>
    <ClCompile Include="IndexSortAndFilterTest.cpp">
      <Filter>Source Files\Database</Filter>
    </ClCompile>
    <ClCompile Include="LinqTest.cpp">
      <Filter>Source Files\Database</Filter>
    </ClCompile>
    <ClCompile Include="LockTimeoutTests.cpp">
      <Filter>Source Files\Database</Filter>
    </ClCompile>
    <ClCompile Include="MultiKeyMapperTest.cpp">
      <Filter>Source Files\Database</Filter>
    </ClCompile>
    <ClCompile Include="NonIdPocoTest.cpp">
      <Filter>Source Files\Database</Filter>
    </ClCompile>
    <ClCompile Include="PredicateBuilderTest.cpp">
      <Filter>Source Files\Database</Filter>
    </ClCompile>
    <ClCompile Include="ShrinkDatabaseTest.cpp">
      <Filter>Source Files\Database</Filter>
    </ClCompile>
    <ClCompile Include="StructTest.cpp">
      <Filter>Source Files\Database</Filter>
    </ClCompile>
    <ClCompile Include="ULongListTest.cpp">
      <Filter>Source Files\Database</Filter>
    </ClCompile>
    <ClCompile Include="UniqueIndexMapperTest.cpp">
      <Filter>Source Files\Database</Filter>
    </ClCompile>
    <ClCompile Include="UpgradeScriptTest.cpp">
      <Filter>Source Files\Database</Filter>
    </ClCompile>
  </ItemGroup>
</Project>